
Microsoft Visual Studio Solution File, Format Version 12.00
# Visual Studio 2017
Project("{FAE04EC0-301F-11D3-BF4B-00C04F79EFBC}") = "Forklift", "Forklift.csproj", "{9A954251-EA6A-32A4-EF12-D5579DB2B8D4}"
EndProject
Project("{FAE04EC0-301F-11D3-BF4B-00C04F79EFBC}") = "Forklift.Plugins", "Forklift.Plugins.csproj", "{F4249E16-F2EF-B8C4-E539-C70C28C67F3F}"
EndProject
Global
	GlobalSection(SolutionConfigurationPlatforms) = preSolution
		Debug|Any CPU = Debug|Any CPU
		Release|Any CPU = Release|Any CPU
	EndGlobalSection
	GlobalSection(ProjectConfigurationPlatforms) = postSolution
		{9A954251-EA6A-32A4-EF12-D5579DB2B8D4}.Debug|Any CPU.ActiveCfg = Debug|Any CPU
		{9A954251-EA6A-32A4-EF12-D5579DB2B8D4}.Debug|Any CPU.Build.0 = Debug|Any CPU
		{9A954251-EA6A-32A4-EF12-D5579DB2B8D4}.Release|Any CPU.ActiveCfg = Release|Any CPU
		{9A954251-EA6A-32A4-EF12-D5579DB2B8D4}.Release|Any CPU.Build.0 = Release|Any CPU
		{F4249E16-F2EF-B8C4-E539-C70C28C67F3F}.Debug|Any CPU.ActiveCfg = Debug|Any CPU
		{F4249E16-F2EF-B8C4-E539-C70C28C67F3F}.Debug|Any CPU.Build.0 = Debug|Any CPU
		{F4249E16-F2EF-B8C4-E539-C70C28C67F3F}.Release|Any CPU.ActiveCfg = Release|Any CPU
		{F4249E16-F2EF-B8C4-E539-C70C28C67F3F}.Release|Any CPU.Build.0 = Release|Any CPU
	EndGlobalSection
	GlobalSection(SolutionProperties) = preSolution
		HideSolutionNode = FALSE
	EndGlobalSection
EndGlobal
